
Microsoft Visual Studio Solution File, Format Version 12.00
# Visual Studio Version 17
VisualStudioVersion = 17.14.36408.4 d17.14
MinimumVisualStudioVersion = 10.0.40219.1
Project("{FAE04EC0-301F-11D3-BF4B-00C04F79EFBC}") = "DelaunayTriangulationVisualisation", "DelaunayTriangulationVisualisation\DelaunayTriangulationVisualisation.csproj", "{14589CE7-3342-463A-A6CA-23101944C00B}"
EndProject
Global
	GlobalSection(SolutionConfigurationPlatforms) = preSolution
		Debug|Any CPU = Debug|Any CPU
		Release|Any CPU = Release|Any CPU
	EndGlobalSection
	GlobalSection(ProjectConfigurationPlatforms) = postSolution
		{14589CE7-3342-463A-A6CA-23101944C00B}.Debug|Any CPU.ActiveCfg = Debug|Any CPU
		{14589CE7-3342-463A-A6CA-23101944C00B}.Debug|Any CPU.Build.0 = Debug|Any CPU
		{14589CE7-3342-463A-A6CA-23101944C00B}.Release|Any CPU.ActiveCfg = Release|Any CPU
		{14589CE7-3342-463A-A6CA-23101944C00B}.Release|Any CPU.Build.0 = Release|Any CPU
	EndGlobalSection
	GlobalSection(SolutionProperties) = preSolution
		HideSolutionNode = FALSE
	EndGlobalSection
	GlobalSection(ExtensibilityGlobals) = postSolution
		SolutionGuid = {59F43066-196F-42A3-9CA2-84EA418D2131}
	EndGlobalSection
EndGlobal
